
Microsoft Visual Studio Solution File, Format Version 12.00
# Visual Studio Version 17
VisualStudioVersion = 17.13.35919.96 d17.13
MinimumVisualStudioVersion = 10.0.40219.1
Project("{FAE04EC0-301F-11D3-BF4B-00C04F79EFBC}") = "hexagonTabela", "hexagonTabela\hexagonTabela.csproj", "{504B3473-5E3A-4951-90A8-0EF6446DEB26}"
EndProject
Project("{FAE04EC0-301F-11D3-BF4B-00C04F79EFBC}") = "DominioTeste", "DominioTeste\DominioTeste.csproj", "{46AF61A9-9F25-4E00-941D-D45AC3A0C8D9}"
EndProject
Global
	GlobalSection(SolutionConfigurationPlatforms) = preSolution
		Debug|Any CPU = Debug|Any CPU
		Release|Any CPU = Release|Any CPU
	EndGlobalSection
	GlobalSection(ProjectConfigurationPlatforms) = postSolution
		{504B3473-5E3A-4951-90A8-0EF6446DEB26}.Debug|Any CPU.ActiveCfg = Debug|Any CPU
		{504B3473-5E3A-4951-90A8-0EF6446DEB26}.Debug|Any CPU.Build.0 = Debug|Any CPU
		{504B3473-5E3A-4951-90A8-0EF6446DEB26}.Release|Any CPU.ActiveCfg = Release|Any CPU
		{504B3473-5E3A-4951-90A8-0EF6446DEB26}.Release|Any CPU.Build.0 = Release|Any CPU
		{46AF61A9-9F25-4E00-941D-D45AC3A0C8D9}.Debug|Any CPU.ActiveCfg = Debug|Any CPU
		{46AF61A9-9F25-4E00-941D-D45AC3A0C8D9}.Debug|Any CPU.Build.0 = Debug|Any CPU
		{46AF61A9-9F25-4E00-941D-D45AC3A0C8D9}.Release|Any CPU.ActiveCfg = Release|Any CPU
		{46AF61A9-9F25-4E00-941D-D45AC3A0C8D9}.Release|Any CPU.Build.0 = Release|Any CPU
	EndGlobalSection
	GlobalSection(SolutionProperties) = preSolution
		HideSolutionNode = FALSE
	EndGlobalSection
	GlobalSection(ExtensibilityGlobals) = postSolution
		SolutionGuid = {8AB18CBB-EBF6-474D-B889-D6968286D607}
	EndGlobalSection
EndGlobal
